// !$*UTF8*$!
{
	archiveVersion = 1;
	classes = {
	};
	objectVersion = 50;
	objects = {

/* Begin PBXBuildFile section */
		4D551B5F2398062200059436 /* AppDelegate.m in Sources */ = {isa = PBXBuildFile; fileRef = 4D551B5E2398062200059436 /* AppDelegate.m */; };
		4D551B652398062200059436 /* ViewController.m in Sources */ = {isa = PBXBuildFile; fileRef = 4D551B642398062200059436 /* ViewController.m */; };
		4D551B682398062200059436 /* Main.storyboard in Resources */ = {isa = PBXBuildFile; fileRef = 4D551B662398062200059436 /* Main.storyboard */; };
		4D551B6A2398062300059436 /* Assets.xcassets in Resources */ = {isa = PBXBuildFile; fileRef = 4D551B692398062300059436 /* Assets.xcassets */; };
		4D551B6D2398062300059436 /* LaunchScreen.storyboard in Resources */ = {isa = PBXBuildFile; fileRef = 4D551B6B2398062300059436 /* LaunchScreen.storyboard */; };
		4D551B702398062300059436 /* main.m in Sources */ = {isa = PBXBuildFile; fileRef = 4D551B6F2398062300059436 /* main.m */; };
		4D551B79239806EA00059436 /* WWCalendarView.m in Sources */ = {isa = PBXBuildFile; fileRef = 4D551B78239806EA00059436 /* WWCalendarView.m */; };
		4D551B7C239807A000059436 /* WWMonthView.m in Sources */ = {isa = PBXBuildFile; fileRef = 4D551B7B239807A000059436 /* WWMonthView.m */; };
		4D551B83239808D400059436 /* WWDayCell.m in Sources */ = {isa = PBXBuildFile; fileRef = 4D551B81239808D400059436 /* WWDayCell.m */; };
		4D551B84239808D400059436 /* WWDayCell.xib in Resources */ = {isa = PBXBuildFile; fileRef = 4D551B82239808D400059436 /* WWDayCell.xib */; };
		4D551B87239811BE00059436 /* WWDateHelpObject.m in Sources */ = {isa = PBXBuildFile; fileRef = 4D551B86239811BE00059436 /* WWDateHelpObject.m */; };
/* End PBXBuildFile section */

/* Begin PBXFileReference section */
		4D551B5A2398062200059436 /* WWCalendarDemo.app */ = {isa = PBXFileReference; explicitFileType = wrapper.application; includeInIndex = 0; path = WWCalendarDemo.app; sourceTree = BUILT_PRODUCTS_DIR; };
		4D551B5D2398062200059436 /* AppDelegate.h */ = {isa = PBXFileReference; lastKnownFileType = sourcecode.c.h; path = AppDelegate.h; sourceTree = "<group>"; };
		4D551B5E2398062200059436 /* AppDelegate.m */ = {isa = PBXFileReference; lastKnownFileType = sourcecode.c.objc; path = AppDelegate.m; sourceTree = "<group>"; };
		4D551B632398062200059436 /* ViewController.h */ = {isa = PBXFileReference; lastKnownFileType = sourcecode.c.h; path = ViewController.h; sourceTree = "<group>"; };
		4D551B642398062200059436 /* ViewController.m */ = {isa = PBXFileReference; lastKnownFileType = sourcecode.c.objc; path = ViewController.m; sourceTree = "<group>"; };
		4D551B672398062200059436 /* Base */ = {isa = PBXFileReference; lastKnownFileType = file.storyboard; name = Base; path = Base.lproj/Main.storyboard; sourceTree = "<group>"; };
		4D551B692398062300059436 /* Assets.xcassets */ = {isa = PBXFileReference; lastKnownFileType = folder.assetcatalog; path = Assets.xcassets; sourceTree = "<group>"; };
		4D551B6C2398062300059436 /* Base */ = {isa = PBXFileReference; lastKnownFileType = file.storyboard; name = Base; path = Base.lproj/LaunchScreen.storyboard; sourceTree = "<group>"; };
		4D551B6E2398062300059436 /* Info.plist */ = {isa = PBXFileReference; lastKnownFileType = text.plist.xml; path = Info.plist; sourceTree = "<group>"; };
		4D551B6F2398062300059436 /* main.m */ = {isa = PBXFileReference; lastKnownFileType = sourcecode.c.objc; path = main.m; sourceTree = "<group>"; };
		4D551B77239806EA00059436 /* WWCalendarView.h */ = {isa = PBXFileReference; lastKnownFileType = sourcecode.c.h; path = WWCalendarView.h; sourceTree = "<group>"; };
		4D551B78239806EA00059436 /* WWCalendarView.m */ = {isa = PBXFileReference; lastKnownFileType = sourcecode.c.objc; path = WWCalendarView.m; sourceTree = "<group>"; };
		4D551B7A239807A000059436 /* WWMonthView.h */ = {isa = PBXFileReference; lastKnownFileType = sourcecode.c.h; path = WWMonthView.h; sourceTree = "<group>"; };
		4D551B7B239807A000059436 /* WWMonthView.m */ = {isa = PBXFileReference; lastKnownFileType = sourcecode.c.objc; path = WWMonthView.m; sourceTree = "<group>"; };
		4D551B80239808D400059436 /* WWDayCell.h */ = {isa = PBXFileReference; lastKnownFileType = sourcecode.c.h; path = WWDayCell.h; sourceTree = "<group>"; };
		4D551B81239808D400059436 /* WWDayCell.m */ = {isa = PBXFileReference; lastKnownFileType = sourcecode.c.objc; path = WWDayCell.m; sourceTree = "<group>"; };
		4D551B82239808D400059436 /* WWDayCell.xib */ = {isa = PBXFileReference; lastKnownFileType = file.xib; path = WWDayCell.xib; sourceTree = "<group>"; };
		4D551B85239811BE00059436 /* WWDateHelpObject.h */ = {isa = PBXFileReference; lastKnownFileType = sourcecode.c.h; path = WWDateHelpObject.h; sourceTree = "<group>"; };
		4D551B86239811BE00059436 /* WWDateHelpObject.m */ = {isa = PBXFileReference; lastKnownFileType = sourcecode.c.objc; path = WWDateHelpObject.m; sourceTree = "<group>"; };
/* End PBXFileReference section */

/* Begin PBXFrameworksBuildPhase section */
		4D551B572398062200059436 /* Frameworks */ = {
			isa = PBXFrameworksBuildPhase;
			buildActionMask = 2147483647;
			files = (
			);
			runOnlyForDeploymentPostprocessing = 0;
		};
/* End PBXFrameworksBuildPhase section */

/* Begin PBXGroup section */
		4D551B512398062200059436 = {
			isa = PBXGroup;
			children = (
				4D551B5C2398062200059436 /* WWCalendarDemo */,
				4D551B5B2398062200059436 /* Products */,
			);
			sourceTree = "<group>";
		};
		4D551B5B2398062200059436 /* Products */ = {
			isa = PBXGroup;
			children = (
				4D551B5A2398062200059436 /* WWCalendarDemo.app */,
			);
			name = Products;
			sourceTree = "<group>";
		};
		4D551B5C2398062200059436 /* WWCalendarDemo */ = {
			isa = PBXGroup;
			children = (
				4D551B76239806CB00059436 /* WWCalendar */,
				4D551B5D2398062200059436 /* AppDelegate.h */,
				4D551B5E2398062200059436 /* AppDelegate.m */,
				4D551B632398062200059436 /* ViewController.h */,
				4D551B642398062200059436 /* ViewController.m */,
				4D551B662398062200059436 /* Main.storyboard */,
				4D551B692398062300059436 /* Assets.xcassets */,
				4D551B6B2398062300059436 /* LaunchScreen.storyboard */,
				4D551B6E2398062300059436 /* Info.plist */,
				4D551B6F2398062300059436 /* main.m */,
			);
			path = WWCalendarDemo;
			sourceTree = "<group>";
		};
		4D551B76239806CB00059436 /* WWCalendar */ = {
			isa = PBXGroup;
			children = (
				4D551B77239806EA00059436 /* WWCalendarView.h */,
				4D551B78239806EA00059436 /* WWCalendarView.m */,
				4D551B7A239807A000059436 /* WWMonthView.h */,
				4D551B7B239807A000059436 /* WWMonthView.m */,
				4D551B80239808D400059436 /* WWDayCell.h */,
				4D551B81239808D400059436 /* WWDayCell.m */,
				4D551B82239808D400059436 /* WWDayCell.xib */,
				4D551B85239811BE00059436 /* WWDateHelpObject.h */,
				4D551B86239811BE00059436 /* WWDateHelpObject.m */,
			);
			path = WWCalendar;
			sourceTree = "<group>";
		};
/* End PBXGroup section */

/* Begin PBXNativeTarget section */
		4D551B592398062200059436 /* WWCalendarDemo */ = {
			isa = PBXNativeTarget;
			buildConfigurationList = 4D551B732398062300059436 /* Build configuration list for PBXNativeTarget "WWCalendarDemo" */;
			buildPhases = (
				4D551B562398062200059436 /* Sources */,
				4D551B572398062200059436 /* Frameworks */,
				4D551B582398062200059436 /* Resources */,
			);
			buildRules = (
			);
			dependencies = (
			);
			name = WWCalendarDemo;
			productName = WWCalendarDemo;
			productReference = 4D551B5A2398062200059436 /* WWCalendarDemo.app */;
			productType = "com.apple.product-type.application";
		};
/* End PBXNativeTarget section */

/* Begin PBXProject section */
		4D551B522398062200059436 /* Project object */ = {
			isa = PBXProject;
			attributes = {
				LastUpgradeCheck = 1120;
				ORGANIZATIONNAME = "王万鹏";
				TargetAttributes = {
					4D551B592398062200059436 = {
						CreatedOnToolsVersion = 11.2.1;
					};
				};
			};
			buildConfigurationList = 4D551B552398062200059436 /* Build configuration list for PBXProject "WWCalendarDemo" */;
			compatibilityVersion = "Xcode 9.3";
			developmentRegion = en;
			hasScannedForEncodings = 0;
			knownRegions = (
				en,
				Base,
			);
			mainGroup = 4D551B512398062200059436;
			productRefGroup = 4D551B5B2398062200059436 /* Products */;
			projectDirPath = "";
			projectRoot = "";
			targets = (
				4D551B592398062200059436 /* WWCalendarDemo */,
			);
		};
/* End PBXProject section */

/* Begin PBXResourcesBuildPhase section */
		4D551B582398062200059436 /* Resources */ = {
			isa = PBXResourcesBuildPhase;
			buildActionMask = 2147483647;
			files = (
				4D551B6D2398062300059436 /* LaunchScreen.storyboard in Resources */,
				4D551B6A2398062300059436 /* Assets.xcassets in Resources */,
				4D551B84239808D400059436 /* WWDayCell.xib in Resources */,
				4D551B682398062200059436 /* Main.storyboard in Resources */,
			);
			runOnlyForDeploymentPostprocessing = 0;
		};
/* End PBXResourcesBuildPhase section */

/* Begin PBXSourcesBuildPhase section */
		4D551B562398062200059436 /* Sources */ = {
			isa = PBXSourcesBuildPhase;
			buildActionMask = 2147483647;
			files = (
				4D551B652398062200059436 /* ViewController.m in Sources */,
				4D551B87239811BE00059436 /* WWDateHelpObject.m in Sources */,
				4D551B5F2398062200059436 /* AppDelegate.m in Sources */,
				4D551B702398062300059436 /* main.m in Sources */,
				4D551B7C239807A000059436 /* WWMonthView.m in Sources */,
				4D551B83239808D400059436 /* WWDayCell.m in Sources */,
				4D551B79239806EA00059436 /* WWCalendarView.m in Sources */,
			);
			runOnlyForDeploymentPostprocessing = 0;
		};
/* End PBXSourcesBuildPhase section */

/* Begin PBXVariantGroup section */
		4D551B662398062200059436 /* Main.storyboard */ = {
			isa = PBXVariantGroup;
			children = (
				4D551B672398062200059436 /* Base */,
			);
			name = Main.storyboard;
			sourceTree = "<group>";
		};
		4D551B6B2398062300059436 /* LaunchScreen.storyboard */ = {
			isa = PBXVariantGroup;
			children = (
				4D551B6C2398062300059436 /* Base */,
			);
			name = LaunchScreen.storyboard;
			sourceTree = "<group>";
		};
/* End PBXVariantGroup section */

/* Begin XCBuildConfiguration section */
		4D551B712398062300059436 /* Debug */ = {
			isa = XCBuildConfiguration;
			buildSettings = {
				ALWAYS_SEARCH_USER_PATHS = NO;
				CLANG_ANALYZER_NONNULL = YES;
				CLANG_ANALYZER_NUMBER_OBJECT_CONVERSION = YES_AGGRESSIVE;
				CLANG_CXX_LANGUAGE_STANDARD = "gnu++14";
				CLANG_CXX_LIBRARY = "libc++";
				CLANG_ENABLE_MODULES = YES;
				CLANG_ENABLE_OBJC_ARC = YES;
				CLANG_ENABLE_OBJC_WEAK = YES;
				CLANG_WARN_BLOCK_CAPTURE_AUTORELEASING = YES;
				CLANG_WARN_BOOL_CONVERSION = YES;
				CLANG_WARN_COMMA = YES;
				CLANG_WARN_CONSTANT_CONVERSION = YES;
				CLANG_WARN_DEPRECATED_OBJC_IMPLEMENTATIONS = YES;
				CLANG_WARN_DIRECT_OBJC_ISA_USAGE = YES_ERROR;
				CLANG_WARN_DOCUMENTATION_COMMENTS = YES;
				CLANG_WARN_EMPTY_BODY = YES;
				CLANG_WARN_ENUM_CONVERSION = YES;
				CLANG_WARN_INFINITE_RECURSION = YES;
				CLANG_WARN_INT_CONVERSION = YES;
				CLANG_WARN_NON_LITERAL_NULL_CONVERSION = YES;
				CLANG_WARN_OBJC_IMPLICIT_RETAIN_SELF = YES;
				CLANG_WARN_OBJC_LITERAL_CONVERSION = YES;
				CLANG_WARN_OBJC_ROOT_CLASS = YES_ERROR;
				CLANG_WARN_RANGE_LOOP_ANALYSIS = YES;
				CLANG_WARN_STRICT_PROTOTYPES = YES;
				CLANG_WARN_SUSPICIOUS_MOVE = YES;
				CLANG_WARN_UNGUARDED_AVAILABILITY = YES_AGGRESSIVE;
				CLANG_WARN_UNREACHABLE_CODE = YES;
				CLANG_WARN__DUPLICATE_METHOD_MATCH = YES;
				COPY_PHASE_STRIP = NO;
				DEBUG_INFORMATION_FORMAT = dwarf;
				ENABLE_STRICT_OBJC_MSGSEND = YES;
				ENABLE_TESTABILITY = YES;
				GCC_C_LANGUAGE_STANDARD = gnu11;
				GCC_DYNAMIC_NO_PIC = NO;
				GCC_NO_COMMON_BLOCKS = YES;
				GCC_OPTIMIZATION_LEVEL = 0;
				GCC_PREPROCESSOR_DEFINITIONS = (
					"DEBUG=1",
					"$(inherited)",
				);
				GCC_WARN_64_TO_32_BIT_CONVERSION = YES;
				GCC_WARN_ABOUT_RETURN_TYPE = YES_ERROR;
				GCC_WARN_UNDECLARED_SELECTOR = YES;
				GCC_WARN_UNINITIALIZED_AUTOS = YES_AGGRESSIVE;
				GCC_WARN_UNUSED_FUNCTION = YES;
				GCC_WARN_UNUSED_VARIABLE = YES;
				IPHONEOS_DEPLOYMENT_TARGET = 9.3;
				MTL_ENABLE_DEBUG_INFO = INCLUDE_SOURCE;
				MTL_FAST_MATH = YES;
				ONLY_ACTIVE_ARCH = YES;
				SDKROOT = iphoneos;
			};
			name = Debug;
		};
		4D551B722398062300059436 /* Release */ = {
			isa = XCBuildConfiguration;
			buildSettings = {
				ALWAYS_SEARCH_USER_PATHS = NO;
				CLANG_ANALYZER_NONNULL = YES;
				CLANG_ANALYZER_NUMBER_OBJECT_CONVERSION = YES_AGGRESSIVE;
				CLANG_CXX_LANGUAGE_STANDARD = "gnu++14";
				CLANG_CXX_LIBRARY = "libc++";
				CLANG_ENABLE_MODULES = YES;
				CLANG_ENABLE_OBJC_ARC = YES;
				CLANG_ENABLE_OBJC_WEAK = YES;
				CLANG_WARN_BLOCK_CAPTURE_AUTORELEASING = YES;
				CLANG_WARN_BOOL_CONVERSION = YES;
				CLANG_WARN_COMMA = YES;
				CLANG_WARN_CONSTANT_CONVERSION = YES;
				CLANG_WARN_DEPRECATED_OBJC_IMPLEMENTATIONS = YES;
				CLANG_WARN_DIRECT_OBJC_ISA_USAGE = YES_ERROR;
				CLANG_WARN_DOCUMENTATION_COMMENTS = YES;
				CLANG_WARN_EMPTY_BODY = YES;
				CLANG_WARN_ENUM_CONVERSION = YES;
				CLANG_WARN_INFINITE_RECURSION = YES;
				CLANG_WARN_INT_CONVERSION = YES;
				CLANG_WARN_NON_LITERAL_NULL_CONVERSION = YES;
				CLANG_WARN_OBJC_IMPLICIT_RETAIN_SELF = YES;
				CLANG_WARN_OBJC_LITERAL_CONVERSION = YES;
				CLANG_WARN_OBJC_ROOT_CLASS = YES_ERROR;
				CLANG_WARN_RANGE_LOOP_ANALYSIS = YES;
				CLANG_WARN_STRICT_PROTOTYPES = YES;
				CLANG_WARN_SUSPICIOUS_MOVE = YES;
				CLANG_WARN_UNGUARDED_AVAILABILITY = YES_AGGRESSIVE;
				CLANG_WARN_UNREACHABLE_CODE = YES;
				CLANG_WARN__DUPLICATE_METHOD_MATCH = YES;
				COPY_PHASE_STRIP = NO;
				DEBUG_INFORMATION_FORMAT = "dwarf-with-dsym";
				ENABLE_NS_ASSERTIONS = NO;
				ENABLE_STRICT_OBJC_MSGSEND = YES;
				GCC_C_LANGUAGE_STANDARD = gnu11;
				GCC_NO_COMMON_BLOCKS = YES;
				GCC_WARN_64_TO_32_BIT_CONVERSION = YES;
				GCC_WARN_ABOUT_RETURN_TYPE = YES_ERROR;
				GCC_WARN_UNDECLARED_SELECTOR = YES;
				GCC_WARN_UNINITIALIZED_AUTOS = YES_AGGRESSIVE;
				GCC_WARN_UNUSED_FUNCTION = YES;
				GCC_WARN_UNUSED_VARIABLE = YES;
				IPHONEOS_DEPLOYMENT_TARGET = 9.3;
				MTL_ENABLE_DEBUG_INFO = NO;
				MTL_FAST_MATH = YES;
				SDKROOT = iphoneos;
				VALIDATE_PRODUCT = YES;
			};
			name = Release;
		};
		4D551B742398062300059436 /* Debug */ = {
			isa = XCBuildConfiguration;
			buildSettings = {
				ASSETCATALOG_COMPILER_APPICON_NAME = AppIcon;
				CODE_SIGN_STYLE = Automatic;
				INFOPLIST_FILE = WWCalendarDemo/Info.plist;
				LD_RUNPATH_SEARCH_PATHS = (
					"$(inherited)",
					"@executable_path/Frameworks",
				);
				PRODUCT_BUNDLE_IDENTIFIER = "-.WWCalendarDemo";
				PRODUCT_NAME = "$(TARGET_NAME)";
				TARGETED_DEVICE_FAMILY = 1;
			};
			name = Debug;
		};
		4D551B752398062300059436 /* Release */ = {
			isa = XCBuildConfiguration;
			buildSettings = {
				ASSETCATALOG_COMPILER_APPICON_NAME = AppIcon;
				CODE_SIGN_STYLE = Automatic;
				INFOPLIST_FILE = WWCalendarDemo/Info.plist;
				LD_RUNPATH_SEARCH_PATHS = (
					"$(inherited)",
					"@executable_path/Frameworks",
				);
				PRODUCT_BUNDLE_IDENTIFIER = "-.WWCalendarDemo";
				PRODUCT_NAME = "$(TARGET_NAME)";
				TARGETED_DEVICE_FAMILY = 1;
			};
			name = Release;
		};
/* End XCBuildConfiguration section */

/* Begin XCConfigurationList section */
		4D551B552398062200059436 /* Build configuration list for PBXProject "WWCalendarDemo" */ = {
			isa = XCConfigurationList;
			buildConfigurations = (
				4D551B712398062300059436 /* Debug */,
				4D551B722398062300059436 /* Release */,
			);
			defaultConfigurationIsVisible = 0;
			defaultConfigurationName = Release;
		};
		4D551B732398062300059436 /* Build configuration list for PBXNativeTarget "WWCalendarDemo" */ = {
			isa = XCConfigurationList;
			buildConfigurations = (
				4D551B742398062300059436 /* Debug */,
				4D551B752398062300059436 /* Release */,
			);
			defaultConfigurationIsVisible = 0;
			defaultConfigurationName = Release;
		};
/* End XCConfigurationList section */
	};
	rootObject = 4D551B522398062200059436 /* Project object */;
}
